
Microsoft Visual Studio Solution File, Format Version 12.00
# Visual Studio 14
VisualStudioVersion = 14.0.24720.0
MinimumVisualStudioVersion = 10.0.40219.1
Project("{151D2E53-A2C4-4D7D-83FE-D05416EBD58E}") = "ARMNetworkInfra", "ARMNetworkInfra\ARMNetworkInfra.deployproj", "{C83796D7-14B1-45E7-980F-84AEB416D794}"
EndProject
Global
	GlobalSection(SolutionConfigurationPlatforms) = preSolution
		Debug|Any CPU = Debug|Any CPU
		Release|Any CPU = Release|Any CPU
	EndGlobalSection
	GlobalSection(ProjectConfigurationPlatforms) = postSolution
		{C83796D7-14B1-45E7-980F-84AEB416D794}.Debug|Any CPU.ActiveCfg = Debug|Any CPU
		{C83796D7-14B1-45E7-980F-84AEB416D794}.Debug|Any CPU.Build.0 = Debug|Any CPU
		{C83796D7-14B1-45E7-980F-84AEB416D794}.Release|Any CPU.ActiveCfg = Release|Any CPU
		{C83796D7-14B1-45E7-980F-84AEB416D794}.Release|Any CPU.Build.0 = Release|Any CPU
	EndGlobalSection
	GlobalSection(SolutionProperties) = preSolution
		HideSolutionNode = FALSE
	EndGlobalSection
EndGlobal
